{
  "name": "nostr-login-e2e",
  "lockfileVersion": 3,
  "requires": true,
  "packages": {
    "": {
      "name": "nostr-login-e2e",
      "devDependencies": {
        "nostr-tools": "^2.25.2",
        "playwright": "^1.63.0"
      }
    },
    "node_modules/@noble/ciphers": {
      "version": "2.1.1",
      "resolved": "https://registry.npmjs.org/@noble/ciphers/-/ciphers-2.1.1.tgz",
      "integrity": "sha512-bysYuiVfhxNJuldNXlFEitTVdNnYUc+XNJZd7Qm2a5j1vZHgY+fazadNFWFaMK/2vye0JVlxV3gHmC0WDfAOQw==",
      "dev": true,
      "engines": {
        "node": ">= 20.19.0"
      },
      "funding": {
        "url": "https://paulmillr.com/funding/"
      }
    },
    "node_modules/@noble/curves": {
      "version": "2.0.1",
      "resolved": "https://registry.npmjs.org/@noble/curves/-/curves-2.0.1.tgz",
      "integrity": "sha512-vs1Az2OOTBiP4q0pwjW5aF0xp9n4MxVrmkFBxc6EKZc6ddYx5gaZiAsZoq0uRRXWbi3AT/sBqn05eRPtn1JCPw==",
      "dev": true,
      "dependencies": {
        "@noble/hashes": "2.0.1"
      },
      "engines": {
        "node": ">= 20.19.0"
      },
      "funding": {
        "url": "https://paulmillr.com/funding/"
      }
    },
    "node_modules/@noble/hashes": {
      "version": "2.0.1",
      "resolved": "https://registry.npmjs.org/@noble/hashes/-/hashes-2.0.1.tgz",
      "integrity": "sha512-XlOlEbQcE9fmuXxrVTXCTlG2nlRXa9Rj3rr5Ue/+tX+nmkgbX720YHh0VR3hBF9xDvwnb8D2shVGOwNx+ulArw==",
      "dev": true,
      "engines": {
        "node": ">= 20.19.0"
      },
      "funding": {
        "url": "https://paulmillr.com/funding/"
      }
    },
    "node_modules/@scure/base": {
      "version": "2.0.0",
      "resolved": "https://registry.npmjs.org/@scure/base/-/base-2.0.0.tgz",
      "integrity": "sha512-3E1kpuZginKkek01ovG8krQ0Z44E3DHPjc5S2rjJw9lZn3KSQOs8S7wqikF/AH7iRanHypj85uGyxk0XAyC37w==",
      "dev": true,
      "funding": {
        "url": "https://paulmillr.com/funding/"
      }
    },
    "node_modules/@scure/bip32": {
      "version": "2.0.1",
      "resolved": "https://registry.npmjs.org/@scure/bip32/-/bip32-2.0.1.tgz",
      "integrity": "sha512-4Md1NI5BzoVP+bhyJaY3K6yMesEFzNS1sE/cP+9nuvE7p/b0kx9XbpDHHFl8dHtufcbdHRUUQdRqLIPHN/s7yA==",
      "dev": true,
      "dependencies": {
        "@noble/curves": "2.0.1",
        "@noble/hashes": "2.0.1",
        "@scure/base": "2.0.0"
      },
      "funding": {
        "url": "https://paulmillr.com/funding/"
      }
    },
    "node_modules/@scure/bip39": {
      "version": "2.0.1",
      "resolved": "https://registry.npmjs.org/@scure/bip39/-/bip39-2.0.1.tgz",
      "integrity": "sha512-PsxdFj/d2AcJcZDX1FXN3dDgitDDTmwf78rKZq1a6c1P1Nan1X/Sxc7667zU3U+AN60g7SxxP0YCVw2H/hBycg==",
      "dev": true,
      "dependencies": {
        "@noble/hashes": "2.0.1",
        "@scure/base": "2.0.0"
      },
      "funding": {
        "url": "https://paulmillr.com/funding/"
      }
    },
    "node_modules/nostr-tools": {
      "version": "2.25.2",
      "resolved": "https://registry.npmjs.org/nostr-tools/-/nostr-tools-2.25.2.tgz",
      "integrity": "sha512-7JAx+brEPmqGz1yzaK9MOxvis/Nl1B38j9hVsBSRDMRmxk5XSc0+5LlPEYbzeiUyk41RURBDcfuMzmaT754HAg==",
      "dev": true,
      "dependencies": {
        "@noble/ciphers": "2.1.1",
        "@noble/curves": "2.0.1",
        "@noble/hashes": "2.0.1",
        "@scure/base": "2.0.0",
        "@scure/bip32": "2.0.1",
        "@scure/bip39": "2.0.1",
        "nostr-wasm": "0.1.0"
      },
      "peerDependencies": {
        "typescript": ">=5.0.0"
      },
      "peerDependenciesMeta": {
        "typescript": {
          "optional": true
        }
      }
    },
    "node_modules/nostr-wasm": {
      "version": "0.1.0",
      "resolved": "https://registry.npmjs.org/nostr-wasm/-/nostr-wasm-0.1.0.tgz",
      "integrity": "sha512-78BTryCLcLYv96ONU8Ws3Q1JzjlAt+43pWQhIl86xZmWeegYCNLPml7yQ+gG3vR6V5h4XGj+TxO+SS5dsThQIA==",
      "dev": true
    },
    "node_modules/playwright": {
      "version": "1.63.0",
      "resolved": "https://registry.npmjs.org/playwright/-/playwright-1.63.0.tgz",
      "integrity": "sha512-+7ziBLidS4NaNCdt57SUDT+wYmmd5fmiQejUic/kb+YsYSCPyOOE9sebzMjNmQrsnNpDJqd4WHvV/8lfKfUDUg==",
      "dev": true,
      "dependencies": {
        "playwright-core": "1.63.0"
      },
      "bin": {
        "playwright": "cli.js"
      },
      "engines": {
        "node": ">=20"
      }
    },
    "node_modules/playwright-core": {
      "version": "1.63.0",
      "resolved": "https://registry.npmjs.org/playwright-core/-/playwright-core-1.63.0.tgz",
      "integrity": "sha512-rYCsBF/M5HjUch52bbtVONEFjv6Xu8sm8h72dNlR5bzIE1fvC/bxgspzkjSfU+MweEMmPM8KJebG6nnyxo5mCg==",
      "dev": true,
      "bin": {
        "playwright-core": "cli.js"
      },
      "engines": {
        "node": ">=20"
      }
    }
  }
}
